// !$*UTF8*$!
{
	archiveVersion = 1;
	classes = {
	};
	objectVersion = 46;
	objects = {

/* Begin PBXBuildFile section */
		68B855DD18718900006E92C4 /* Foundation.framework in Frameworks */ = {isa = PBXBuildFile; fileRef = 68B855DC18718900006E92C4 /* Foundation.framework */; };
		68B855DF18718900006E92C4 /* CoreGraphics.framework in Frameworks */ = {isa = PBXBuildFile; fileRef = 68B855DE18718900006E92C4 /* CoreGraphics.framework */; };
		68B855E118718900006E92C4 /* UIKit.framework in Frameworks */ = {isa = PBXBuildFile; fileRef = 68B855E018718900006E92C4 /* UIKit.framework */; };
		68B855E718718900006E92C4 /* InfoPlist.strings in Resources */ = {isa = PBXBuildFile; fileRef = 68B855E518718900006E92C4 /* InfoPlist.strings */; };
		68B855E918718900006E92C4 /* main.m in Sources */ = {isa = PBXBuildFile; fileRef = 68B855E818718900006E92C4 /* main.m */; };
		68B855ED18718900006E92C4 /* AppDelegate.m in Sources */ = {isa = PBXBuildFile; fileRef = 68B855EC18718900006E92C4 /* AppDelegate.m */; };
		68B855EF18718900006E92C4 /* Images.xcassets in Resources */ = {isa = PBXBuildFile; fileRef = 68B855EE18718900006E92C4 /* Images.xcassets */; };
		68B855F618718900006E92C4 /* XCTest.framework in Frameworks */ = {isa = PBXBuildFile; fileRef = 68B855F518718900006E92C4 /* XCTest.framework */; };
		68B855F718718900006E92C4 /* Foundation.framework in Frameworks */ = {isa = PBXBuildFile; fileRef = 68B855DC18718900006E92C4 /* Foundation.framework */; };
		68B855F818718900006E92C4 /* UIKit.framework in Frameworks */ = {isa = PBXBuildFile; fileRef = 68B855E018718900006E92C4 /* UIKit.framework */; };
		68B8560018718900006E92C4 /* InfoPlist.strings in Resources */ = {isa = PBXBuildFile; fileRef = 68B855FE18718900006E92C4 /* InfoPlist.strings */; };
		68B8560218718900006E92C4 /* Iver_ControlTests.m in Sources */ = {isa = PBXBuildFile; fileRef = 68B8560118718900006E92C4 /* Iver_ControlTests.m */; };
		68B8560C1871891C006E92C4 /* main.storyboard in Resources */ = {isa = PBXBuildFile; fileRef = 68B8560B1871891C006E92C4 /* main.storyboard */; };
		68B8561318718953006E92C4 /* Communicator.m in Sources */ = {isa = PBXBuildFile; fileRef = 68B8560E18718953006E92C4 /* Communicator.m */; };
		68B8561418718953006E92C4 /* ConnectViewController.m in Sources */ = {isa = PBXBuildFile; fileRef = 68B8561018718953006E92C4 /* ConnectViewController.m */; };
		68B8561518718953006E92C4 /* ControllerViewController.m in Sources */ = {isa = PBXBuildFile; fileRef = 68B8561218718953006E92C4 /* ControllerViewController.m */; };
		68B856241875D16F006E92C4 /* LargeSlider.m in Sources */ = {isa = PBXBuildFile; fileRef = 68B856231875D16F006E92C4 /* LargeSlider.m */; };
		68B856271875D51B006E92C4 /* Compass.m in Sources */ = {isa = PBXBuildFile; fileRef = 68B856261875D51B006E92C4 /* Compass.m */; };
		68B8562C1875D5C6006E92C4 /* RotatingPlate.m in Sources */ = {isa = PBXBuildFile; fileRef = 68B8562B1875D5C6006E92C4 /* RotatingPlate.m */; };
		68B856311876E15C006E92C4 /* StaticPlate.m in Sources */ = {isa = PBXBuildFile; fileRef = 68B856301876E15C006E92C4 /* StaticPlate.m */; };
		68B856341876F1D6006E92C4 /* TranslationalPlate.m in Sources */ = {isa = PBXBuildFile; fileRef = 68B856331876F1D6006E92C4 /* TranslationalPlate.m */; };
/* End PBXBuildFile section */

/* Begin PBXContainerItemProxy section */
		68B855F918718900006E92C4 /* PBXContainerItemProxy */ = {
			isa = PBXContainerItemProxy;
			containerPortal = 68B855D118718900006E92C4 /* Project object */;
			proxyType = 1;
			remoteGlobalIDString = 68B855D818718900006E92C4;
			remoteInfo = "Iver Control";
		};
/* End PBXContainerItemProxy section */

/* Begin PBXFileReference section */
		68B855D918718900006E92C4 /* Iver Control.app */ = {isa = PBXFileReference; explicitFileType = wrapper.application; includeInIndex = 0; path = "Iver Control.app"; sourceTree = BUILT_PRODUCTS_DIR; };
		68B855DC18718900006E92C4 /* Foundation.framework */ = {isa = PBXFileReference; lastKnownFileType = wrapper.framework; name = Foundation.framework; path = System/Library/Frameworks/Foundation.framework; sourceTree = SDKROOT; };
		68B855DE18718900006E92C4 /* CoreGraphics.framework */ = {isa = PBXFileReference; lastKnownFileType = wrapper.framework; name = CoreGraphics.framework; path = System/Library/Frameworks/CoreGraphics.framework; sourceTree = SDKROOT; };
		68B855E018718900006E92C4 /* UIKit.framework */ = {isa = PBXFileReference; lastKnownFileType = wrapper.framework; name = UIKit.framework; path = System/Library/Frameworks/UIKit.framework; sourceTree = SDKROOT; };
		68B855E418718900006E92C4 /* Iver Control-Info.plist */ = {isa = PBXFileReference; lastKnownFileType = text.plist.xml; path = "Iver Control-Info.plist"; sourceTree = "<group>"; };
		68B855E618718900006E92C4 /* en */ = {isa = PBXFileReference; lastKnownFileType = text.plist.strings; name = en; path = en.lproj/InfoPlist.strings; sourceTree = "<group>"; };
		68B855E818718900006E92C4 /* main.m */ = {isa = PBXFileReference; lastKnownFileType = sourcecode.c.objc; path = main.m; sourceTree = "<group>"; };
		68B855EA18718900006E92C4 /* Iver Control-Prefix.pch */ = {isa = PBXFileReference; lastKnownFileType = sourcecode.c.h; path = "Iver Control-Prefix.pch"; sourceTree = "<group>"; };
		68B855EB18718900006E92C4 /* AppDelegate.h */ = {isa = PBXFileReference; lastKnownFileType = sourcecode.c.h; path = AppDelegate.h; sourceTree = "<group>"; };
		68B855EC18718900006E92C4 /* AppDelegate.m */ = {isa = PBXFileReference; lastKnownFileType = sourcecode.c.objc; path = AppDelegate.m; sourceTree = "<group>"; };
		68B855EE18718900006E92C4 /* Images.xcassets */ = {isa = PBXFileReference; lastKnownFileType = folder.assetcatalog; path = Images.xcassets; sourceTree = "<group>"; };
		68B855F418718900006E92C4 /* Iver ControlTests.xctest */ = {isa = PBXFileReference; explicitFileType = wrapper.cfbundle; includeInIndex = 0; path = "Iver ControlTests.xctest"; sourceTree = BUILT_PRODUCTS_DIR; };
		68B855F518718900006E92C4 /* XCTest.framework */ = {isa = PBXFileReference; lastKnownFileType = wrapper.framework; name = XCTest.framework; path = Library/Frameworks/XCTest.framework; sourceTree = DEVELOPER_DIR; };
		68B855FD18718900006E92C4 /* Iver ControlTests-Info.plist */ = {isa = PBXFileReference; lastKnownFileType = text.plist.xml; path = "Iver ControlTests-Info.plist"; sourceTree = "<group>"; };
		68B855FF18718900006E92C4 /* en */ = {isa = PBXFileReference; lastKnownFileType = text.plist.strings; name = en; path = en.lproj/InfoPlist.strings; sourceTree = "<group>"; };
		68B8560118718900006E92C4 /* Iver_ControlTests.m */ = {isa = PBXFileReference; lastKnownFileType = sourcecode.c.objc; path = Iver_ControlTests.m; sourceTree = "<group>"; };
		68B8560B1871891C006E92C4 /* main.storyboard */ = {isa = PBXFileReference; fileEncoding = 4; lastKnownFileType = file.storyboard; name = main.storyboard; path = ../main.storyboard; sourceTree = "<group>"; };
		68B8560D18718953006E92C4 /* Communicator.h */ = {isa = PBXFileReference; fileEncoding = 4; lastKnownFileType = sourcecode.c.h; path = Communicator.h; sourceTree = "<group>"; };
		68B8560E18718953006E92C4 /* Communicator.m */ = {isa = PBXFileReference; fileEncoding = 4; lastKnownFileType = sourcecode.c.objc; path = Communicator.m; sourceTree = "<group>"; };
		68B8560F18718953006E92C4 /* ConnectViewController.h */ = {isa = PBXFileReference; fileEncoding = 4; lastKnownFileType = sourcecode.c.h; path = ConnectViewController.h; sourceTree = "<group>"; };
		68B8561018718953006E92C4 /* ConnectViewController.m */ = {isa = PBXFileReference; fileEncoding = 4; lastKnownFileType = sourcecode.c.objc; path = ConnectViewController.m; sourceTree = "<group>"; };
		68B8561118718953006E92C4 /* ControllerViewController.h */ = {isa = PBXFileReference; fileEncoding = 4; lastKnownFileType = sourcecode.c.h; path = ControllerViewController.h; sourceTree = "<group>"; };
		68B8561218718953006E92C4 /* ControllerViewController.m */ = {isa = PBXFileReference; fileEncoding = 4; lastKnownFileType = sourcecode.c.objc; path = ControllerViewController.m; sourceTree = "<group>"; };
		68B856221875D16F006E92C4 /* LargeSlider.h */ = {isa = PBXFileReference; fileEncoding = 4; lastKnownFileType = sourcecode.c.h; name = LargeSlider.h; path = "Iver Control/LargeSlider.h"; sourceTree = "<group>"; };
		68B856231875D16F006E92C4 /* LargeSlider.m */ = {isa = PBXFileReference; fileEncoding = 4; lastKnownFileType = sourcecode.c.objc; name = LargeSlider.m; path = "Iver Control/LargeSlider.m"; sourceTree = "<group>"; };
		68B856251875D51B006E92C4 /* Compass.h */ = {isa = PBXFileReference; fileEncoding = 4; lastKnownFileType = sourcecode.c.h; name = Compass.h; path = "Iver Control/Compass.h"; sourceTree = "<group>"; };
		68B856261875D51B006E92C4 /* Compass.m */ = {isa = PBXFileReference; fileEncoding = 4; lastKnownFileType = sourcecode.c.objc; name = Compass.m; path = "Iver Control/Compass.m"; sourceTree = "<group>"; };
		68B8562A1875D5C6006E92C4 /* RotatingPlate.h */ = {isa = PBXFileReference; fileEncoding = 4; lastKnownFileType = sourcecode.c.h; name = RotatingPlate.h; path = "Iver Control/RotatingPlate.h"; sourceTree = "<group>"; };
		68B8562B1875D5C6006E92C4 /* RotatingPlate.m */ = {isa = PBXFileReference; fileEncoding = 4; lastKnownFileType = sourcecode.c.objc; name = RotatingPlate.m; path = "Iver Control/RotatingPlate.m"; sourceTree = "<group>"; };
		68B8562F1876E15C006E92C4 /* StaticPlate.h */ = {isa = PBXFileReference; fileEncoding = 4; lastKnownFileType = sourcecode.c.h; name = StaticPlate.h; path = "Iver Control/StaticPlate.h"; sourceTree = "<group>"; };
		68B856301876E15C006E92C4 /* StaticPlate.m */ = {isa = PBXFileReference; fileEncoding = 4; lastKnownFileType = sourcecode.c.objc; name = StaticPlate.m; path = "Iver Control/StaticPlate.m"; sourceTree = "<group>"; };
		68B856321876F1D6006E92C4 /* TranslationalPlate.h */ = {isa = PBXFileReference; fileEncoding = 4; lastKnownFileType = sourcecode.c.h; name = TranslationalPlate.h; path = "Iver Control/TranslationalPlate.h"; sourceTree = "<group>"; };
		68B856331876F1D6006E92C4 /* TranslationalPlate.m */ = {isa = PBXFileReference; fileEncoding = 4; lastKnownFileType = sourcecode.c.objc; name = TranslationalPlate.m; path = "Iver Control/TranslationalPlate.m"; sourceTree = "<group>"; };
/* End PBXFileReference section */

/* Begin PBXFrameworksBuildPhase section */
		68B855D618718900006E92C4 /* Frameworks */ = {
			isa = PBXFrameworksBuildPhase;
			buildActionMask = 2147483647;
			files = (
				68B855DF18718900006E92C4 /* CoreGraphics.framework in Frameworks */,
				68B855E118718900006E92C4 /* UIKit.framework in Frameworks */,
				68B855DD18718900006E92C4 /* Foundation.framework in Frameworks */,
			);
			runOnlyForDeploymentPostprocessing = 0;
		};
		68B855F118718900006E92C4 /* Frameworks */ = {
			isa = PBXFrameworksBuildPhase;
			buildActionMask = 2147483647;
			files = (
				68B855F618718900006E92C4 /* XCTest.framework in Frameworks */,
				68B855F818718900006E92C4 /* UIKit.framework in Frameworks */,
				68B855F718718900006E92C4 /* Foundation.framework in Frameworks */,
			);
			runOnlyForDeploymentPostprocessing = 0;
		};
/* End PBXFrameworksBuildPhase section */

/* Begin PBXGroup section */
		68B855D018718900006E92C4 = {
			isa = PBXGroup;
			children = (
				68B855E218718900006E92C4 /* Iver Control */,
				68B855FB18718900006E92C4 /* Iver ControlTests */,
				68B855DB18718900006E92C4 /* Frameworks */,
				68B855DA18718900006E92C4 /* Products */,
			);
			sourceTree = "<group>";
		};
		68B855DA18718900006E92C4 /* Products */ = {
			isa = PBXGroup;
			children = (
				68B855D918718900006E92C4 /* Iver Control.app */,
				68B855F418718900006E92C4 /* Iver ControlTests.xctest */,
			);
			name = Products;
			sourceTree = "<group>";
		};
		68B855DB18718900006E92C4 /* Frameworks */ = {
			isa = PBXGroup;
			children = (
				68B855DC18718900006E92C4 /* Foundation.framework */,
				68B855DE18718900006E92C4 /* CoreGraphics.framework */,
				68B855E018718900006E92C4 /* UIKit.framework */,
				68B855F518718900006E92C4 /* XCTest.framework */,
			);
			name = Frameworks;
			sourceTree = "<group>";
		};
		68B855E218718900006E92C4 /* Iver Control */ = {
			isa = PBXGroup;
			children = (
				68B8560B1871891C006E92C4 /* main.storyboard */,
				68B855EB18718900006E92C4 /* AppDelegate.h */,
				68B855EC18718900006E92C4 /* AppDelegate.m */,
				68B856291875D542006E92C4 /* Slider */,
				68B856281875D528006E92C4 /* Compass */,
				68B8562E1876E0D8006E92C4 /* Networking */,
				68B8562D1876E0AB006E92C4 /* View Controllers */,
				68B855EE18718900006E92C4 /* Images.xcassets */,
				68B855E318718900006E92C4 /* Supporting Files */,
			);
			path = "Iver Control";
			sourceTree = "<group>";
		};
		68B855E318718900006E92C4 /* Supporting Files */ = {
			isa = PBXGroup;
			children = (
				68B855E418718900006E92C4 /* Iver Control-Info.plist */,
				68B855E518718900006E92C4 /* InfoPlist.strings */,
				68B855E818718900006E92C4 /* main.m */,
				68B855EA18718900006E92C4 /* Iver Control-Prefix.pch */,
			);
			name = "Supporting Files";
			sourceTree = "<group>";
		};
		68B855FB18718900006E92C4 /* Iver ControlTests */ = {
			isa = PBXGroup;
			children = (
				68B8560118718900006E92C4 /* Iver_ControlTests.m */,
				68B855FC18718900006E92C4 /* Supporting Files */,
			);
			path = "Iver ControlTests";
			sourceTree = "<group>";
		};
		68B855FC18718900006E92C4 /* Supporting Files */ = {
			isa = PBXGroup;
			children = (
				68B855FD18718900006E92C4 /* Iver ControlTests-Info.plist */,
				68B855FE18718900006E92C4 /* InfoPlist.strings */,
			);
			name = "Supporting Files";
			sourceTree = "<group>";
		};
		68B856281875D528006E92C4 /* Compass */ = {
			isa = PBXGroup;
			children = (
				68B856251875D51B006E92C4 /* Compass.h */,
				68B856261875D51B006E92C4 /* Compass.m */,
				68B8562A1875D5C6006E92C4 /* RotatingPlate.h */,
				68B8562B1875D5C6006E92C4 /* RotatingPlate.m */,
				68B856321876F1D6006E92C4 /* TranslationalPlate.h */,
				68B856331876F1D6006E92C4 /* TranslationalPlate.m */,
				68B8562F1876E15C006E92C4 /* StaticPlate.h */,
				68B856301876E15C006E92C4 /* StaticPlate.m */,
			);
			name = Compass;
			path = ..;
			sourceTree = "<group>";
		};
		68B856291875D542006E92C4 /* Slider */ = {
			isa = PBXGroup;
			children = (
				68B856221875D16F006E92C4 /* LargeSlider.h */,
				68B856231875D16F006E92C4 /* LargeSlider.m */,
			);
			name = Slider;
			path = ..;
			sourceTree = "<group>";
		};
		68B8562D1876E0AB006E92C4 /* View Controllers */ = {
			isa = PBXGroup;
			children = (
				68B8560F18718953006E92C4 /* ConnectViewController.h */,
				68B8561018718953006E92C4 /* ConnectViewController.m */,
				68B8561118718953006E92C4 /* ControllerViewController.h */,
				68B8561218718953006E92C4 /* ControllerViewController.m */,
			);
			name = "View Controllers";
			sourceTree = "<group>";
		};
		68B8562E1876E0D8006E92C4 /* Networking */ = {
			isa = PBXGroup;
			children = (
				68B8560D18718953006E92C4 /* Communicator.h */,
				68B8560E18718953006E92C4 /* Communicator.m */,
			);
			name = Networking;
			sourceTree = "<group>";
		};
/* End PBXGroup section */

/* Begin PBXNativeTarget section */
		68B855D818718900006E92C4 /* Iver Control */ = {
			isa = PBXNativeTarget;
			buildConfigurationList = 68B8560518718900006E92C4 /* Build configuration list for PBXNativeTarget "Iver Control" */;
			buildPhases = (
				68B855D518718900006E92C4 /* Sources */,
				68B855D618718900006E92C4 /* Frameworks */,
				68B855D718718900006E92C4 /* Resources */,
			);
			buildRules = (
			);
			dependencies = (
			);
			name = "Iver Control";
			productName = "Iver Control";
			productReference = 68B855D918718900006E92C4 /* Iver Control.app */;
			productType = "com.apple.product-type.application";
		};
		68B855F318718900006E92C4 /* Iver ControlTests */ = {
			isa = PBXNativeTarget;
			buildConfigurationList = 68B8560818718900006E92C4 /* Build configuration list for PBXNativeTarget "Iver ControlTests" */;
			buildPhases = (
				68B855F018718900006E92C4 /* Sources */,
				68B855F118718900006E92C4 /* Frameworks */,
				68B855F218718900006E92C4 /* Resources */,
			);
			buildRules = (
			);
			dependencies = (
				68B855FA18718900006E92C4 /* PBXTargetDependency */,
			);
			name = "Iver ControlTests";
			productName = "Iver ControlTests";
			productReference = 68B855F418718900006E92C4 /* Iver ControlTests.xctest */;
			productType = "com.apple.product-type.bundle.unit-test";
		};
/* End PBXNativeTarget section */

/* Begin PBXProject section */
		68B855D118718900006E92C4 /* Project object */ = {
			isa = PBXProject;
			attributes = {
				LastUpgradeCheck = 0500;
				ORGANIZATIONNAME = "Yukun Lin";
				TargetAttributes = {
					68B855D818718900006E92C4 = {
						DevelopmentTeam = 67E9YLJAJ6;
					};
					68B855F318718900006E92C4 = {
						TestTargetID = 68B855D818718900006E92C4;
					};
				};
			};
			buildConfigurationList = 68B855D418718900006E92C4 /* Build configuration list for PBXProject "Iver Control" */;
			compatibilityVersion = "Xcode 3.2";
			developmentRegion = English;
			hasScannedForEncodings = 0;
			knownRegions = (
				en,
			);
			mainGroup = 68B855D018718900006E92C4;
			productRefGroup = 68B855DA18718900006E92C4 /* Products */;
			projectDirPath = "";
			projectRoot = "";
			targets = (
				68B855D818718900006E92C4 /* Iver Control */,
				68B855F318718900006E92C4 /* Iver ControlTests */,
			);
		};
/* End PBXProject section */

/* Begin PBXResourcesBuildPhase section */
		68B855D718718900006E92C4 /* Resources */ = {
			isa = PBXResourcesBuildPhase;
			buildActionMask = 2147483647;
			files = (
				68B855E718718900006E92C4 /* InfoPlist.strings in Resources */,
				68B8560C1871891C006E92C4 /* main.storyboard in Resources */,
				68B855EF18718900006E92C4 /* Images.xcassets in Resources */,
			);
			runOnlyForDeploymentPostprocessing = 0;
		};
		68B855F218718900006E92C4 /* Resources */ = {
			isa = PBXResourcesBuildPhase;
			buildActionMask = 2147483647;
			files = (
				68B8560018718900006E92C4 /* InfoPlist.strings in Resources */,
			);
			runOnlyForDeploymentPostprocessing = 0;
		};
/* End PBXResourcesBuildPhase section */

/* Begin PBXSourcesBuildPhase section */
		68B855D518718900006E92C4 /* Sources */ = {
			isa = PBXSourcesBuildPhase;
			buildActionMask = 2147483647;
			files = (
				68B856241875D16F006E92C4 /* LargeSlider.m in Sources */,
				68B856341876F1D6006E92C4 /* TranslationalPlate.m in Sources */,
				68B8561318718953006E92C4 /* Communicator.m in Sources */,
				68B8561518718953006E92C4 /* ControllerViewController.m in Sources */,
				68B855ED18718900006E92C4 /* AppDelegate.m in Sources */,
				68B856271875D51B006E92C4 /* Compass.m in Sources */,
				68B8562C1875D5C6006E92C4 /* RotatingPlate.m in Sources */,
				68B855E918718900006E92C4 /* main.m in Sources */,
				68B856311876E15C006E92C4 /* StaticPlate.m in Sources */,
				68B8561418718953006E92C4 /* ConnectViewController.m in Sources */,
			);
			runOnlyForDeploymentPostprocessing = 0;
		};
		68B855F018718900006E92C4 /* Sources */ = {
			isa = PBXSourcesBuildPhase;
			buildActionMask = 2147483647;
			files = (
				68B8560218718900006E92C4 /* Iver_ControlTests.m in Sources */,
			);
			runOnlyForDeploymentPostprocessing = 0;
		};
/* End PBXSourcesBuildPhase section */

/* Begin PBXTargetDependency section */
		68B855FA18718900006E92C4 /* PBXTargetDependency */ = {
			isa = PBXTargetDependency;
			target = 68B855D818718900006E92C4 /* Iver Control */;
			targetProxy = 68B855F918718900006E92C4 /* PBXContainerItemProxy */;
		};
/* End PBXTargetDependency section */

/* Begin PBXVariantGroup section */
		68B855E518718900006E92C4 /* InfoPlist.strings */ = {
			isa = PBXVariantGroup;
			children = (
				68B855E618718900006E92C4 /* en */,
			);
			name = InfoPlist.strings;
			sourceTree = "<group>";
		};
		68B855FE18718900006E92C4 /* InfoPlist.strings */ = {
			isa = PBXVariantGroup;
			children = (
				68B855FF18718900006E92C4 /* en */,
			);
			name = InfoPlist.strings;
			sourceTree = "<group>";
		};
/* End PBXVariantGroup section */

/* Begin XCBuildConfiguration section */
		68B8560318718900006E92C4 /* Debug */ = {
			isa = XCBuildConfiguration;
			buildSettings = {
				ALWAYS_SEARCH_USER_PATHS = NO;
				ARCHS = "$(ARCHS_STANDARD_INCLUDING_64_BIT)";
				CLANG_CXX_LANGUAGE_STANDARD = "gnu++0x";
				CLANG_CXX_LIBRARY = "libc++";
				CLANG_ENABLE_MODULES = YES;
				CLANG_ENABLE_OBJC_ARC = YES;
				CLANG_WARN_BOOL_CONVERSION = YES;
				CLANG_WARN_CONSTANT_CONVERSION = YES;
				CLANG_WARN_DIRECT_OBJC_ISA_USAGE = YES_ERROR;
				CLANG_WARN_EMPTY_BODY = YES;
				CLANG_WARN_ENUM_CONVERSION = YES;
				CLANG_WARN_INT_CONVERSION = YES;
				CLANG_WARN_OBJC_ROOT_CLASS = YES_ERROR;
				CLANG_WARN__DUPLICATE_METHOD_MATCH = YES;
				"CODE_SIGN_IDENTITY[sdk=iphoneos*]" = "iPhone Developer";
				COPY_PHASE_STRIP = NO;
				GCC_C_LANGUAGE_STANDARD = gnu99;
				GCC_DYNAMIC_NO_PIC = NO;
				GCC_OPTIMIZATION_LEVEL = 0;
				GCC_PREPROCESSOR_DEFINITIONS = (
					"DEBUG=1",
					"$(inherited)",
				);
				GCC_SYMBOLS_PRIVATE_EXTERN = NO;
				GCC_WARN_64_TO_32_BIT_CONVERSION = YES;
				GCC_WARN_ABOUT_RETURN_TYPE = YES_ERROR;
				GCC_WARN_UNDECLARED_SELECTOR = YES;
				GCC_WARN_UNINITIALIZED_AUTOS = YES;
				GCC_WARN_UNUSED_FUNCTION = YES;
				GCC_WARN_UNUSED_VARIABLE = YES;
				IPHONEOS_DEPLOYMENT_TARGET = 7.0;
				ONLY_ACTIVE_ARCH = YES;
				SDKROOT = iphoneos;
			};
			name = Debug;
		};
		68B8560418718900006E92C4 /* Release */ = {
			isa = XCBuildConfiguration;
			buildSettings = {
				ALWAYS_SEARCH_USER_PATHS = NO;
				ARCHS = "$(ARCHS_STANDARD_INCLUDING_64_BIT)";
				CLANG_CXX_LANGUAGE_STANDARD = "gnu++0x";
				CLANG_CXX_LIBRARY = "libc++";
				CLANG_ENABLE_MODULES = YES;
				CLANG_ENABLE_OBJC_ARC = YES;
				CLANG_WARN_BOOL_CONVERSION = YES;
				CLANG_WARN_CONSTANT_CONVERSION = YES;
				CLANG_WARN_DIRECT_OBJC_ISA_USAGE = YES_ERROR;
				CLANG_WARN_EMPTY_BODY = YES;
				CLANG_WARN_ENUM_CONVERSION = YES;
				CLANG_WARN_INT_CONVERSION = YES;
				CLANG_WARN_OBJC_ROOT_CLASS = YES_ERROR;
				CLANG_WARN__DUPLICATE_METHOD_MATCH = YES;
				"CODE_SIGN_IDENTITY[sdk=iphoneos*]" = "iPhone Developer";
				COPY_PHASE_STRIP = YES;
				ENABLE_NS_ASSERTIONS = NO;
				GCC_C_LANGUAGE_STANDARD = gnu99;
				GCC_WARN_64_TO_32_BIT_CONVERSION = YES;
				GCC_WARN_ABOUT_RETURN_TYPE = YES_ERROR;
				GCC_WARN_UNDECLARED_SELECTOR = YES;
				GCC_WARN_UNINITIALIZED_AUTOS = YES;
				GCC_WARN_UNUSED_FUNCTION = YES;
				GCC_WARN_UNUSED_VARIABLE = YES;
				IPHONEOS_DEPLOYMENT_TARGET = 7.0;
				SDKROOT = iphoneos;
				VALIDATE_PRODUCT = YES;
			};
			name = Release;
		};
		68B8560618718900006E92C4 /* Debug */ = {
			isa = XCBuildConfiguration;
			buildSettings = {
				ASSETCATALOG_COMPILER_APPICON_NAME = AppIcon;
				ASSETCATALOG_COMPILER_LAUNCHIMAGE_NAME = LaunchImage;
				CODE_SIGN_IDENTITY = "iPhone Developer";
				"CODE_SIGN_IDENTITY[sdk=iphoneos*]" = "iPhone Developer";
				GCC_PRECOMPILE_PREFIX_HEADER = YES;
				GCC_PREFIX_HEADER = "Iver Control/Iver Control-Prefix.pch";
				INFOPLIST_FILE = "Iver Control/Iver Control-Info.plist";
				PRODUCT_NAME = "$(TARGET_NAME)";
				PROVISIONING_PROFILE = "";
				WRAPPER_EXTENSION = app;
			};
			name = Debug;
		};
		68B8560718718900006E92C4 /* Release */ = {
			isa = XCBuildConfiguration;
			buildSettings = {
				ASSETCATALOG_COMPILER_APPICON_NAME = AppIcon;
				ASSETCATALOG_COMPILER_LAUNCHIMAGE_NAME = LaunchImage;
				CODE_SIGN_IDENTITY = "iPhone Developer";
				"CODE_SIGN_IDENTITY[sdk=iphoneos*]" = "iPhone Developer";
				GCC_PRECOMPILE_PREFIX_HEADER = YES;
				GCC_PREFIX_HEADER = "Iver Control/Iver Control-Prefix.pch";
				INFOPLIST_FILE = "Iver Control/Iver Control-Info.plist";
				PRODUCT_NAME = "$(TARGET_NAME)";
				PROVISIONING_PROFILE = "";
				WRAPPER_EXTENSION = app;
			};
			name = Release;
		};
		68B8560918718900006E92C4 /* Debug */ = {
			isa = XCBuildConfiguration;
			buildSettings = {
				ARCHS = "$(ARCHS_STANDARD_INCLUDING_64_BIT)";
				BUNDLE_LOADER = "$(BUILT_PRODUCTS_DIR)/Iver Control.app/Iver Control";
				FRAMEWORK_SEARCH_PATHS = (
					"$(SDKROOT)/Developer/Library/Frameworks",
					"$(inherited)",
					"$(DEVELOPER_FRAMEWORKS_DIR)",
				);
				GCC_PRECOMPILE_PREFIX_HEADER = YES;
				GCC_PREFIX_HEADER = "Iver Control/Iver Control-Prefix.pch";
				GCC_PREPROCESSOR_DEFINITIONS = (
					"DEBUG=1",
					"$(inherited)",
				);
				INFOPLIST_FILE = "Iver ControlTests/Iver ControlTests-Info.plist";
				PRODUCT_NAME = "$(TARGET_NAME)";
				TEST_HOST = "$(BUNDLE_LOADER)";
				WRAPPER_EXTENSION = xctest;
			};
			name = Debug;
		};
		68B8560A18718900006E92C4 /* Release */ = {
			isa = XCBuildConfiguration;
			buildSettings = {
				ARCHS = "$(ARCHS_STANDARD_INCLUDING_64_BIT)";
				BUNDLE_LOADER = "$(BUILT_PRODUCTS_DIR)/Iver Control.app/Iver Control";
				FRAMEWORK_SEARCH_PATHS = (
					"$(SDKROOT)/Developer/Library/Frameworks",
					"$(inherited)",
					"$(DEVELOPER_FRAMEWORKS_DIR)",
				);
				GCC_PRECOMPILE_PREFIX_HEADER = YES;
				GCC_PREFIX_HEADER = "Iver Control/Iver Control-Prefix.pch";
				INFOPLIST_FILE = "Iver ControlTests/Iver ControlTests-Info.plist";
				PRODUCT_NAME = "$(TARGET_NAME)";
				TEST_HOST = "$(BUNDLE_LOADER)";
				WRAPPER_EXTENSION = xctest;
			};
			name = Release;
		};
/* End XCBuildConfiguration section */

/* Begin XCConfigurationList section */
		68B855D418718900006E92C4 /* Build configuration list for PBXProject "Iver Control" */ = {
			isa = XCConfigurationList;
			buildConfigurations = (
				68B8560318718900006E92C4 /* Debug */,
				68B8560418718900006E92C4 /* Release */,
			);
			defaultConfigurationIsVisible = 0;
			defaultConfigurationName = Release;
		};
		68B8560518718900006E92C4 /* Build configuration list for PBXNativeTarget "Iver Control" */ = {
			isa = XCConfigurationList;
			buildConfigurations = (
				68B8560618718900006E92C4 /* Debug */,
				68B8560718718900006E92C4 /* Release */,
			);
			defaultConfigurationIsVisible = 0;
			defaultConfigurationName = Release;
		};
		68B8560818718900006E92C4 /* Build configuration list for PBXNativeTarget "Iver ControlTests" */ = {
			isa = XCConfigurationList;
			buildConfigurations = (
				68B8560918718900006E92C4 /* Debug */,
				68B8560A18718900006E92C4 /* Release */,
			);
			defaultConfigurationIsVisible = 0;
			defaultConfigurationName = Release;
		};
/* End XCConfigurationList section */
	};
	rootObject = 68B855D118718900006E92C4 /* Project object */;
}
